
Microsoft Visual Studio Solution File, Format Version 12.00
# Visual Studio Version 17
VisualStudioVersion = 17.9.34723.18
MinimumVisualStudioVersion = 10.0.40219.1
Project("{FAE04EC0-301F-11D3-BF4B-00C04F79EFBC}") = "Atv - 03", "Atv - 03\Atv - 03.csproj", "{9756C97A-AC2D-4153-B6B1-EBF73B4450DA}"
EndProject
Global
	GlobalSection(SolutionConfigurationPlatforms) = preSolution
		Debug|Any CPU = Debug|Any CPU
		Release|Any CPU = Release|Any CPU
	EndGlobalSection
	GlobalSection(ProjectConfigurationPlatforms) = postSolution
		{9756C97A-AC2D-4153-B6B1-EBF73B4450DA}.Debug|Any CPU.ActiveCfg = Debug|Any CPU
		{9756C97A-AC2D-4153-B6B1-EBF73B4450DA}.Debug|Any CPU.Build.0 = Debug|Any CPU
		{9756C97A-AC2D-4153-B6B1-EBF73B4450DA}.Release|Any CPU.ActiveCfg = Release|Any CPU
		{9756C97A-AC2D-4153-B6B1-EBF73B4450DA}.Release|Any CPU.Build.0 = Release|Any CPU
	EndGlobalSection
	GlobalSection(SolutionProperties) = preSolution
		HideSolutionNode = FALSE
	EndGlobalSection
	GlobalSection(ExtensibilityGlobals) = postSolution
		SolutionGuid = {41DFF8C0-8D93-4EC0-9FA2-8714A23DC1C3}
	EndGlobalSection
EndGlobal
